
Microsoft Visual Studio Solution File, Format Version 12.00
# Visual Studio 15
VisualStudioVersion = 15.0.27703.2042
MinimumVisualStudioVersion = 10.0.40219.1
Project("{FAE04EC0-301F-11D3-BF4B-00C04F79EFBC}") = "ACPMWS", "ACPMWS\ACPMWS.csproj", "{89E72D31-356C-4D86-AE02-772EF73F1109}"
EndProject
Project("{FAE04EC0-301F-11D3-BF4B-00C04F79EFBC}") = "Dynamic Classes", "Dynamic Classes\Dynamic Classes.csproj", "{A6887479-8966-46EB-814A-9A51121996E7}"
EndProject
Global
	GlobalSection(SolutionConfigurationPlatforms) = preSolution
		Debug|Any CPU = Debug|Any CPU
		Release|Any CPU = Release|Any CPU
	EndGlobalSection
	GlobalSection(ProjectConfigurationPlatforms) = postSolution
		{89E72D31-356C-4D86-AE02-772EF73F1109}.Debug|Any CPU.ActiveCfg = Debug|Any CPU
		{89E72D31-356C-4D86-AE02-772EF73F1109}.Debug|Any CPU.Build.0 = Debug|Any CPU
		{89E72D31-356C-4D86-AE02-772EF73F1109}.Release|Any CPU.ActiveCfg = Release|Any CPU
		{89E72D31-356C-4D86-AE02-772EF73F1109}.Release|Any CPU.Build.0 = Release|Any CPU
		{A6887479-8966-46EB-814A-9A51121996E7}.Debug|Any CPU.ActiveCfg = Debug|Any CPU
		{A6887479-8966-46EB-814A-9A51121996E7}.Debug|Any CPU.Build.0 = Debug|Any CPU
		{A6887479-8966-46EB-814A-9A51121996E7}.Release|Any CPU.ActiveCfg = Release|Any CPU
		{A6887479-8966-46EB-814A-9A51121996E7}.Release|Any CPU.Build.0 = Release|Any CPU
	EndGlobalSection
	GlobalSection(SolutionProperties) = preSolution
		HideSolutionNode = FALSE
	EndGlobalSection
	GlobalSection(ExtensibilityGlobals) = postSolution
		SolutionGuid = {29BC407F-E1EA-4E64-B83B-B642DA8CAAEA}
	EndGlobalSection
EndGlobal
